
Microsoft Visual Studio Solution File, Format Version 12.00
# Visual Studio 15
VisualStudioVersion = 15.0.28307.136
MinimumVisualStudioVersion = 10.0.40219.1
Project("{FAE04EC0-301F-11D3-BF4B-00C04F79EFBC}") = "SimpleTCPServer", "SimpleTCPServer\SimpleTCPServer.csproj", "{8C69E78A-DD02-4414-B11A-CD93A769EBD4}"
EndProject
Global
	GlobalSection(SolutionConfigurationPlatforms) = preSolution
		Debug|Any CPU = Debug|Any CPU
		Release|Any CPU = Release|Any CPU
	EndGlobalSection
	GlobalSection(ProjectConfigurationPlatforms) = postSolution
		{8C69E78A-DD02-4414-B11A-CD93A769EBD4}.Debug|Any CPU.ActiveCfg = Debug|Any CPU
		{8C69E78A-DD02-4414-B11A-CD93A769EBD4}.Debug|Any CPU.Build.0 = Debug|Any CPU
		{8C69E78A-DD02-4414-B11A-CD93A769EBD4}.Release|Any CPU.ActiveCfg = Release|Any CPU
		{8C69E78A-DD02-4414-B11A-CD93A769EBD4}.Release|Any CPU.Build.0 = Release|Any CPU
	EndGlobalSection
	GlobalSection(SolutionProperties) = preSolution
		HideSolutionNode = FALSE
	EndGlobalSection
	GlobalSection(ExtensibilityGlobals) = postSolution
		SolutionGuid = {D1CFDD62-7470-42BE-AAE2-C17763028DB5}
	EndGlobalSection
EndGlobal
